{
  "version": 4,
  "terraform_version": "1.14.3",
  "serial": 12,
  "lineage": "1bb02ff8-cf0f-f283-6ade-bbbc474cbc4c",
  "outputs": {},
  "resources": [
    {
      "module": "module.compute",
      "mode": "managed",
      "type": "google_compute_instance",
      "name": "lz_test_vm",
      "provider": "provider[\"registry.terraform.io/hashicorp/google\"]",
      "instances": [
        {
          "schema_version": 6,
          "attributes": {
            "advanced_machine_features": [],
            "allow_stopping_for_update": null,
            "attached_disk": [],
            "boot_disk": [
              {
                "auto_delete": true,
                "device_name": "persistent-disk-0",
                "disk_encryption_key_raw": "",
                "disk_encryption_key_sha256": "",
                "initialize_params": [
                  {
                    "enable_confidential_compute": false,
                    "image": "https://www.googleapis.com/compute/v1/projects/debian-cloud/global/images/debian-12-bookworm-v20260114",
                    "labels": {},
                    "provisioned_iops": 0,
                    "provisioned_throughput": 0,
                    "resource_manager_tags": {},
                    "size": 10,
                    "type": "pd-standard"
                  }
                ],
                "kms_key_self_link": "",
                "mode": "READ_WRITE",
                "source": "https://www.googleapis.com/compute/v1/projects/eighth-effect-484111-f5/zones/asia-south1-a/disks/lz-test-vm"
              }
            ],
            "can_ip_forward": false,
            "confidential_instance_config": [],
            "cpu_platform": "Intel Broadwell",
            "current_status": "RUNNING",
            "deletion_protection": false,
            "description": "",
            "desired_status": null,
            "effective_labels": {},
            "enable_display": false,
            "guest_accelerator": [],
            "hostname": "",
            "id": "projects/eighth-effect-484111-f5/zones/asia-south1-a/instances/lz-test-vm",
            "instance_id": "1310724808077523383",
            "label_fingerprint": "42WmSpB8rSM=",
            "labels": {},
            "machine_type": "e2-micro",
            "metadata": {
              "startup-script": "#!/bin/bash\necho \"landing zone ready\" | logger -t lz-test-vm-startup\n"
            },
            "metadata_fingerprint": "eYBdevKtycM=",
            "metadata_startup_script": null,
            "min_cpu_platform": "",
            "name": "lz-test-vm",
            "network_interface": [
              {
                "access_config": [],
                "alias_ip_range": [],
                "internal_ipv6_prefix_length": 0,
                "ipv6_access_config": [],
                "ipv6_access_type": "",
                "ipv6_address": "",
                "name": "nic0",
                "network": "https://www.googleapis.com/compute/v1/projects/eighth-effect-484111-f5/global/networks/lz-hub-vpc",
                "network_ip": "10.10.1.2",
                "nic_type": "",
                "queue_count": 0,
                "stack_type": "IPV4_ONLY",
                "subnetwork": "https://www.googleapis.com/compute/v1/projects/eighth-effect-484111-f5/regions/asia-south1/subnetworks/lz-private-subnet-a",
                "subnetwork_project": "eighth-effect-484111-f5"
              }
            ],
            "network_performance_config": [],
            "params": [],
            "project": "eighth-effect-484111-f5",
            "reservation_affinity": [],
            "resource_policies": [],
            "scheduling": [
              {
                "automatic_restart": true,
                "instance_termination_action": "",
                "local_ssd_recovery_timeout": [],
                "min_node_cpus": 0,
                "node_affinities": [],
                "on_host_maintenance": "MIGRATE",
                "preemptible": false,
                "provisioning_model": "STANDARD"
              }
            ],
            "scratch_disk": [],
            "self_link": "https://www.googleapis.com/compute/v1/projects/eighth-effect-484111-f5/zones/asia-south1-a/instances/lz-test-vm",
            "service_account": [
              {
                "email": "lz-runtime-sa@eighth-effect-484111-f5.iam.gserviceaccount.com",
                "scopes": [
                  "https://www.googleapis.com/auth/cloud-platform"
                ]
              }
            ],
            "shielded_instance_config": [
              {
                "enable_integrity_monitoring": true,
                "enable_secure_boot": true,
                "enable_vtpm": true
              }
            ],
            "tags": [],
            "tags_fingerprint": "42WmSpB8rSM=",
            "terraform_labels": {},
            "timeouts": null,
            "zone": "asia-south1-a"
          },
          "sensitive_attributes": [
            [
              {
                "type": "get_attr",
                "value": "boot_disk"
              },
              {
                "type": "index",
                "value": {
                  "value": 0,
                  "type": "number"
                }
              },
              {
                "type": "get_attr",
                "value": "disk_encryption_key_raw"
              }
            ]
          ],
          "identity_schema_version": 0,
          "private": "eyJlMmJmYjczMC1lY2FhLTExZTYtOGY4OC0zNDM2M2JjN2M0YzAiOnsiY3JlYXRlIjoxMjAwMDAwMDAwMDAwLCJkZWxldGUiOjEyMDAwMDAwMDAwMDAsInVwZGF0ZSI6MTIwMDAwMDAwMDAwMH0sInNjaGVtYV92ZXJzaW9uIjoiNiJ9",
          "dependencies": [
            "module.compute.data.google_compute_image.debian",
            "module.iam.google_compute_project_metadata.os_login",
            "module.iam.google_project_iam_member.lz_admin_compute_admin",
            "module.iam.google_project_iam_member.lz_admin_project_iam_admin",
            "module.iam.google_project_iam_member.lz_admin_service_account_user",
            "module.iam.google_project_iam_member.lz_monitoring_logging_admin",
            "module.iam.google_project_iam_member.lz_monitoring_monitoring_admin",
            "module.iam.google_service_account.lz_admin_sa",
            "module.iam.google_service_account.lz_monitoring_sa",
            "module.iam.google_service_account.lz_runtime_sa",
            "module.logging_monitoring.google_monitoring_alert_policy.vm_high_cpu",
            "module.logging_monitoring.google_monitoring_dashboard.lz_dashboard",
            "module.logging_monitoring.google_monitoring_notification_channel.lz_email_channel",
            "module.logging_monitoring.google_project_service.required_apis",
            "module.logging_monitoring.google_storage_bucket.lz_logs_bucket",
            "module.networking.google_compute_firewall.allow_all_egress",
            "module.networking.google_compute_firewall.allow_ssh_internal",
            "module.networking.google_compute_firewall.deny_all_ingress",
            "module.networking.google_compute_network.lz_hub_vpc",
            "module.networking.google_compute_router.lz_router",
            "module.networking.google_compute_router_nat.lz_nat",
            "module.networking.google_compute_subnetwork.lz_private_subnet_a",
            "module.networking.google_compute_subnetwork.lz_private_subnet_b"
          ]
        }
      ]
    },
    {
      "module": "module.iam",
      "mode": "managed",
      "type": "google_service_account",
      "name": "lz_admin_sa",
      "provider": "provider[\"registry.terraform.io/hashicorp/google\"]",
      "instances": [
        {
          "schema_version": 0,
          "attributes": {
            "account_id": "lz-admin-sa",
            "create_ignore_already_exists": null,
            "description": "",
            "disabled": false,
            "display_name": "LZ Admin Service Account",
            "email": "lz-admin-sa@eighth-effect-484111-f5.iam.gserviceaccount.com",
            "id": "projects/eighth-effect-484111-f5/serviceAccounts/lz-admin-sa@eighth-effect-484111-f5.iam.gserviceaccount.com",
            "member": "serviceAccount:lz-admin-sa@eighth-effect-484111-f5.iam.gserviceaccount.com",
            "name": "projects/eighth-effect-484111-f5/serviceAccounts/lz-admin-sa@eighth-effect-484111-f5.iam.gserviceaccount.com",
            "project": "eighth-effect-484111-f5",
            "timeouts": null,
            "unique_id": "101225786073799201109"
          },
          "sensitive_attributes": [],
          "identity_schema_version": 0,
          "private": "eyJlMmJmYjczMC1lY2FhLTExZTYtOGY4OC0zNDM2M2JjN2M0YzAiOnsiY3JlYXRlIjozMDAwMDAwMDAwMDB9LCJzY2hlbWFfdmVyc2lvbiI6IjAifQ==",
          "dependencies": [
            "module.networking.google_compute_firewall.allow_all_egress",
            "module.networking.google_compute_firewall.allow_ssh_internal",
            "module.networking.google_compute_firewall.deny_all_ingress",
            "module.networking.google_compute_network.lz_hub_vpc",
            "module.networking.google_compute_router.lz_router",
            "module.networking.google_compute_router_nat.lz_nat",
            "module.networking.google_compute_subnetwork.lz_private_subnet_a",
            "module.networking.google_compute_subnetwork.lz_private_subnet_b"
          ]
        }
      ]
    },
    {
      "module": "module.iam",
      "mode": "managed",
      "type": "google_service_account",
      "name": "lz_monitoring_sa",
      "provider": "provider[\"registry.terraform.io/hashicorp/google\"]",
      "instances": [
        {
          "schema_version": 0,
          "attributes": {
            "account_id": "lz-monitoring-sa",
            "create_ignore_already_exists": null,
            "description": "",
            "disabled": false,
            "display_name": "LZ Monitoring Service Account",
            "email": "lz-monitoring-sa@eighth-effect-484111-f5.iam.gserviceaccount.com",
            "id": "projects/eighth-effect-484111-f5/serviceAccounts/lz-monitoring-sa@eighth-effect-484111-f5.iam.gserviceaccount.com",
            "member": "serviceAccount:lz-monitoring-sa@eighth-effect-484111-f5.iam.gserviceaccount.com",
            "name": "projects/eighth-effect-484111-f5/serviceAccounts/lz-monitoring-sa@eighth-effect-484111-f5.iam.gserviceaccount.com",
            "project": "eighth-effect-484111-f5",
            "timeouts": null,
            "unique_id": "107826726862406473932"
          },
          "sensitive_attributes": [],
          "identity_schema_version": 0,
          "private": "eyJlMmJmYjczMC1lY2FhLTExZTYtOGY4OC0zNDM2M2JjN2M0YzAiOnsiY3JlYXRlIjozMDAwMDAwMDAwMDB9LCJzY2hlbWFfdmVyc2lvbiI6IjAifQ==",
          "dependencies": [
            "module.networking.google_compute_firewall.allow_all_egress",
            "module.networking.google_compute_firewall.allow_ssh_internal",
            "module.networking.google_compute_firewall.deny_all_ingress",
            "module.networking.google_compute_network.lz_hub_vpc",
            "module.networking.google_compute_router.lz_router",
            "module.networking.google_compute_router_nat.lz_nat",
            "module.networking.google_compute_subnetwork.lz_private_subnet_a",
            "module.networking.google_compute_subnetwork.lz_private_subnet_b"
          ]
        }
      ]
    },
    {
      "module": "module.iam",
      "mode": "managed",
      "type": "google_service_account",
      "name": "lz_runtime_sa",
      "provider": "provider[\"registry.terraform.io/hashicorp/google\"]",
      "instances": [
        {
          "schema_version": 0,
          "attributes": {
            "account_id": "lz-runtime-sa",
            "create_ignore_already_exists": null,
            "description": "",
            "disabled": false,
            "display_name": "LZ Runtime Service Account",
            "email": "lz-runtime-sa@eighth-effect-484111-f5.iam.gserviceaccount.com",
            "id": "projects/eighth-effect-484111-f5/serviceAccounts/lz-runtime-sa@eighth-effect-484111-f5.iam.gserviceaccount.com",
            "member": "serviceAccount:lz-runtime-sa@eighth-effect-484111-f5.iam.gserviceaccount.com",
            "name": "projects/eighth-effect-484111-f5/serviceAccounts/lz-runtime-sa@eighth-effect-484111-f5.iam.gserviceaccount.com",
            "project": "eighth-effect-484111-f5",
            "timeouts": null,
            "unique_id": "106860542093626362451"
          },
          "sensitive_attributes": [],
          "identity_schema_version": 0,
          "private": "eyJlMmJmYjczMC1lY2FhLTExZTYtOGY4OC0zNDM2M2JjN2M0YzAiOnsiY3JlYXRlIjozMDAwMDAwMDAwMDB9LCJzY2hlbWFfdmVyc2lvbiI6IjAifQ==",
          "dependencies": [
            "module.networking.google_compute_firewall.allow_all_egress",
            "module.networking.google_compute_firewall.allow_ssh_internal",
            "module.networking.google_compute_firewall.deny_all_ingress",
            "module.networking.google_compute_network.lz_hub_vpc",
            "module.networking.google_compute_router.lz_router",
            "module.networking.google_compute_router_nat.lz_nat",
            "module.networking.google_compute_subnetwork.lz_private_subnet_a",
            "module.networking.google_compute_subnetwork.lz_private_subnet_b"
          ]
        }
      ]
    },
    {
      "module": "module.networking",
      "mode": "managed",
      "type": "google_compute_firewall",
      "name": "allow_all_egress",
      "provider": "provider[\"registry.terraform.io/hashicorp/google\"]",
      "instances": [
        {
          "schema_version": 1,
          "attributes": {
            "allow": [
              {
                "ports": [],
                "protocol": "all"
              }
            ],
            "creation_timestamp": "2026-01-18T08:13:22.795-08:00",
            "deny": [],
            "description": "",
            "destination_ranges": [
              "0.0.0.0/0"
            ],
            "direction": "EGRESS",
            "disabled": false,
            "enable_logging": null,
            "id": "projects/eighth-effect-484111-f5/global/firewalls/lz-allow-all-egress",
            "log_config": [],
            "name": "lz-allow-all-egress",
            "network": "https://www.googleapis.com/compute/v1/projects/eighth-effect-484111-f5/global/networks/lz-hub-vpc",
            "priority": 1000,
            "project": "eighth-effect-484111-f5",
            "self_link": "https://www.googleapis.com/compute/v1/projects/eighth-effect-484111-f5/global/firewalls/lz-allow-all-egress",
            "source_ranges": [],
            "source_service_accounts": [],
            "source_tags": [],
            "target_service_accounts": [],
            "target_tags": [],
            "timeouts": null
          },
          "sensitive_attributes": [],
          "identity_schema_version": 0,
          "private": "eyJlMmJmYjczMC1lY2FhLTExZTYtOGY4OC0zNDM2M2JjN2M0YzAiOnsiY3JlYXRlIjoxMjAwMDAwMDAwMDAwLCJkZWxldGUiOjEyMDAwMDAwMDAwMDAsInVwZGF0ZSI6MTIwMDAwMDAwMDAwMH0sInNjaGVtYV92ZXJzaW9uIjoiMSJ9",
          "dependencies": [
            "module.networking.google_compute_network.lz_hub_vpc"
          ]
        }
      ]
    },
    {
      "module": "module.networking",
      "mode": "managed",
      "type": "google_compute_firewall",
      "name": "allow_ssh_internal",
      "provider": "provider[\"registry.terraform.io/hashicorp/google\"]",
      "instances": [
        {
          "schema_version": 1,
          "attributes": {
            "allow": [
              {
                "ports": [
                  "22"
                ],
                "protocol": "tcp"
              }
            ],
            "creation_timestamp": "2026-01-18T08:13:22.905-08:00",
            "deny": [],
            "description": "",
            "destination_ranges": [],
            "direction": "INGRESS",
            "disabled": false,
            "enable_logging": null,
            "id": "projects/eighth-effect-484111-f5/global/firewalls/lz-allow-ssh-internal",
            "log_config": [
              {
                "metadata": "INCLUDE_ALL_METADATA"
              }
            ],
            "name": "lz-allow-ssh-internal",
            "network": "https://www.googleapis.com/compute/v1/projects/eighth-effect-484111-f5/global/networks/lz-hub-vpc",
            "priority": 1000,
            "project": "eighth-effect-484111-f5",
            "self_link": "https://www.googleapis.com/compute/v1/projects/eighth-effect-484111-f5/global/firewalls/lz-allow-ssh-internal",
            "source_ranges": [
              "10.10.0.0/16"
            ],
            "source_service_accounts": [],
            "source_tags": [],
            "target_service_accounts": [],
            "target_tags": [],
            "timeouts": null
          },
          "sensitive_attributes": [],
          "identity_schema_version": 0,
          "private": "eyJlMmJmYjczMC1lY2FhLTExZTYtOGY4OC0zNDM2M2JjN2M0YzAiOnsiY3JlYXRlIjoxMjAwMDAwMDAwMDAwLCJkZWxldGUiOjEyMDAwMDAwMDAwMDAsInVwZGF0ZSI6MTIwMDAwMDAwMDAwMH0sInNjaGVtYV92ZXJzaW9uIjoiMSJ9",
          "dependencies": [
            "module.networking.google_compute_network.lz_hub_vpc"
          ]
        }
      ]
    },
    {
      "module": "module.networking",
      "mode": "managed",
      "type": "google_compute_firewall",
      "name": "deny_all_ingress",
      "provider": "provider[\"registry.terraform.io/hashicorp/google\"]",
      "instances": [
        {
          "schema_version": 1,
          "attributes": {
            "allow": [],
            "creation_timestamp": "2026-01-18T08:13:22.966-08:00",
            "deny": [
              {
                "ports": [],
                "protocol": "all"
              }
            ],
            "description": "",
            "destination_ranges": [],
            "direction": "INGRESS",
            "disabled": false,
            "enable_logging": null,
            "id": "projects/eighth-effect-484111-f5/global/firewalls/lz-deny-all-ingress",
            "log_config": [
              {
                "metadata": "INCLUDE_ALL_METADATA"
              }
            ],
            "name": "lz-deny-all-ingress",
            "network": "https://www.googleapis.com/compute/v1/projects/eighth-effect-484111-f5/global/networks/lz-hub-vpc",
            "priority": 65535,
            "project": "eighth-effect-484111-f5",
            "self_link": "https://www.googleapis.com/compute/v1/projects/eighth-effect-484111-f5/global/firewalls/lz-deny-all-ingress",
            "source_ranges": [
              "0.0.0.0/0"
            ],
            "source_service_accounts": [],
            "source_tags": [],
            "target_service_accounts": [],
            "target_tags": [],
            "timeouts": null
          },
          "sensitive_attributes": [],
          "identity_schema_version": 0,
          "private": "eyJlMmJmYjczMC1lY2FhLTExZTYtOGY4OC0zNDM2M2JjN2M0YzAiOnsiY3JlYXRlIjoxMjAwMDAwMDAwMDAwLCJkZWxldGUiOjEyMDAwMDAwMDAwMDAsInVwZGF0ZSI6MTIwMDAwMDAwMDAwMH0sInNjaGVtYV92ZXJzaW9uIjoiMSJ9",
          "dependencies": [
            "module.networking.google_compute_network.lz_hub_vpc"
          ]
        }
      ]
    },
    {
      "module": "module.networking",
      "mode": "managed",
      "type": "google_compute_network",
      "name": "lz_hub_vpc",
      "provider": "provider[\"registry.terraform.io/hashicorp/google\"]",
      "instances": [
        {
          "schema_version": 0,
          "attributes": {
            "auto_create_subnetworks": false,
            "delete_default_routes_on_create": false,
            "description": "",
            "enable_ula_internal_ipv6": false,
            "gateway_ipv4": "",
            "id": "projects/eighth-effect-484111-f5/global/networks/lz-hub-vpc",
            "internal_ipv6_range": "",
            "mtu": 0,
            "name": "lz-hub-vpc",
            "network_firewall_policy_enforcement_order": "AFTER_CLASSIC_FIREWALL",
            "numeric_id": "1916573191204026468",
            "project": "eighth-effect-484111-f5",
            "routing_mode": "REGIONAL",
            "self_link": "https://www.googleapis.com/compute/v1/projects/eighth-effect-484111-f5/global/networks/lz-hub-vpc",
            "timeouts": null
          },
          "sensitive_attributes": [],
          "identity_schema_version": 0,
          "private": "eyJlMmJmYjczMC1lY2FhLTExZTYtOGY4OC0zNDM2M2JjN2M0YzAiOnsiY3JlYXRlIjoxMjAwMDAwMDAwMDAwLCJkZWxldGUiOjEyMDAwMDAwMDAwMDAsInVwZGF0ZSI6MTIwMDAwMDAwMDAwMH0sInNjaGVtYV92ZXJzaW9uIjoiMCJ9"
        }
      ]
    },
    {
      "module": "module.networking",
      "mode": "managed",
      "type": "google_compute_subnetwork",
      "name": "lz_private_subnet_a",
      "provider": "provider[\"registry.terraform.io/hashicorp/google\"]",
      "instances": [
        {
          "schema_version": 0,
          "attributes": {
            "creation_timestamp": "2026-01-18T08:13:25.319-08:00",
            "description": "",
            "external_ipv6_prefix": "",
            "fingerprint": null,
            "gateway_address": "10.10.1.1",
            "id": "projects/eighth-effect-484111-f5/regions/asia-south1/subnetworks/lz-private-subnet-a",
            "internal_ipv6_prefix": "",
            "ip_cidr_range": "10.10.1.0/24",
            "ipv6_access_type": "",
            "ipv6_cidr_range": "",
            "log_config": [
              {
                "aggregation_interval": "INTERVAL_5_MIN",
                "filter_expr": "true",
                "flow_sampling": 0.5,
                "metadata": "INCLUDE_ALL_METADATA",
                "metadata_fields": []
              }
            ],
            "name": "lz-private-subnet-a",
            "network": "https://www.googleapis.com/compute/v1/projects/eighth-effect-484111-f5/global/networks/lz-hub-vpc",
            "private_ip_google_access": true,
            "private_ipv6_google_access": "DISABLE_GOOGLE_ACCESS",
            "project": "eighth-effect-484111-f5",
            "purpose": "PRIVATE",
            "region": "asia-south1",
            "role": "",
            "secondary_ip_range": [],
            "self_link": "https://www.googleapis.com/compute/v1/projects/eighth-effect-484111-f5/regions/asia-south1/subnetworks/lz-private-subnet-a",
            "stack_type": "IPV4_ONLY",
            "timeouts": null
          },
          "sensitive_attributes": [],
          "identity_schema_version": 0,
          "private": "eyJlMmJmYjczMC1lY2FhLTExZTYtOGY4OC0zNDM2M2JjN2M0YzAiOnsiY3JlYXRlIjoxMjAwMDAwMDAwMDAwLCJkZWxldGUiOjEyMDAwMDAwMDAwMDAsInVwZGF0ZSI6MTIwMDAwMDAwMDAwMH0sInNjaGVtYV92ZXJzaW9uIjoiMCJ9",
          "dependencies": [
            "module.networking.google_compute_network.lz_hub_vpc"
          ]
        }
      ]
    },
    {
      "module": "module.networking",
      "mode": "managed",
      "type": "google_compute_subnetwork",
      "name": "lz_private_subnet_b",
      "provider": "provider[\"registry.terraform.io/hashicorp/google\"]",
      "instances": [
        {
          "schema_version": 0,
          "attributes": {
            "creation_timestamp": "2026-01-18T08:13:25.284-08:00",
            "description": "",
            "external_ipv6_prefix": "",
            "fingerprint": null,
            "gateway_address": "10.10.2.1",
            "id": "projects/eighth-effect-484111-f5/regions/asia-south1/subnetworks/lz-private-subnet-b",
            "internal_ipv6_prefix": "",
            "ip_cidr_range": "10.10.2.0/24",
            "ipv6_access_type": "",
            "ipv6_cidr_range": "",
            "log_config": [
              {
                "aggregation_interval": "INTERVAL_5_MIN",
                "filter_expr": "true",
                "flow_sampling": 0.5,
                "metadata": "INCLUDE_ALL_METADATA",
                "metadata_fields": []
              }
            ],
            "name": "lz-private-subnet-b",
            "network": "https://www.googleapis.com/compute/v1/projects/eighth-effect-484111-f5/global/networks/lz-hub-vpc",
            "private_ip_google_access": true,
            "private_ipv6_google_access": "DISABLE_GOOGLE_ACCESS",
            "project": "eighth-effect-484111-f5",
            "purpose": "PRIVATE",
            "region": "asia-south1",
            "role": "",
            "secondary_ip_range": [],
            "self_link": "https://www.googleapis.com/compute/v1/projects/eighth-effect-484111-f5/regions/asia-south1/subnetworks/lz-private-subnet-b",
            "stack_type": "IPV4_ONLY",
            "timeouts": null
          },
          "sensitive_attributes": [],
          "identity_schema_version": 0,
          "private": "eyJlMmJmYjczMC1lY2FhLTExZTYtOGY4OC0zNDM2M2JjN2M0YzAiOnsiY3JlYXRlIjoxMjAwMDAwMDAwMDAwLCJkZWxldGUiOjEyMDAwMDAwMDAwMDAsInVwZGF0ZSI6MTIwMDAwMDAwMDAwMH0sInNjaGVtYV92ZXJzaW9uIjoiMCJ9",
          "dependencies": [
            "module.networking.google_compute_network.lz_hub_vpc"
          ]
        }
      ]
    }
  ],
  "check_results": null
}
