{
  "version": 4,
  "terraform_version": "1.14.3",
  "serial": 28,
  "lineage": "e0a04045-e1e7-b414-ee79-898576a4703d",
  "outputs": {
    "vpc_name": {
      "value": "lz-hub-vpc",
      "type": "string"
    }
  },
  "resources": [
    {
      "module": "module.iam",
      "mode": "managed",
      "type": "google_compute_project_metadata",
      "name": "os_login",
      "provider": "provider[\"registry.terraform.io/hashicorp/google\"]",
      "instances": [
        {
          "schema_version": 0,
          "attributes": {
            "id": "eighth-effect-484111-f5",
            "metadata": {
              "enable-oslogin": "TRUE"
            },
            "project": "eighth-effect-484111-f5",
            "timeouts": null
          },
          "sensitive_attributes": [],
          "identity_schema_version": 0,
          "private": "eyJlMmJmYjczMC1lY2FhLTExZTYtOGY4OC0zNDM2M2JjN2M0YzAiOnsiY3JlYXRlIjoyNDAwMDAwMDAwMDAsImRlbGV0ZSI6MjQwMDAwMDAwMDAwfX0=",
          "dependencies": [
            "module.networking.google_compute_firewall.allow_all_egress",
            "module.networking.google_compute_firewall.allow_ssh_internal",
            "module.networking.google_compute_firewall.deny_all_ingress",
            "module.networking.google_compute_network.lz_hub_vpc",
            "module.networking.google_compute_router.lz_router",
            "module.networking.google_compute_router_nat.lz_nat",
            "module.networking.google_compute_subnetwork.lz_private_subnet_a",
            "module.networking.google_compute_subnetwork.lz_private_subnet_b"
          ]
        }
      ]
    },
    {
      "module": "module.iam",
      "mode": "managed",
      "type": "google_project_iam_member",
      "name": "lz_admin_compute_admin",
      "provider": "provider[\"registry.terraform.io/hashicorp/google\"]",
      "instances": [
        {
          "schema_version": 0,
          "attributes": {
            "condition": [],
            "etag": "BwZIq93ynZE=",
            "id": "eighth-effect-484111-f5/roles/compute.admin/serviceAccount:lz-admin-sa@eighth-effect-484111-f5.iam.gserviceaccount.com",
            "member": "serviceAccount:lz-admin-sa@eighth-effect-484111-f5.iam.gserviceaccount.com",
            "project": "eighth-effect-484111-f5",
            "role": "roles/compute.admin"
          },
          "sensitive_attributes": [],
          "identity_schema_version": 0,
          "private": "bnVsbA==",
          "dependencies": [
            "module.iam.google_service_account.lz_admin_sa",
            "module.networking.google_compute_firewall.allow_all_egress",
            "module.networking.google_compute_firewall.allow_ssh_internal",
            "module.networking.google_compute_firewall.deny_all_ingress",
            "module.networking.google_compute_network.lz_hub_vpc",
            "module.networking.google_compute_router.lz_router",
            "module.networking.google_compute_router_nat.lz_nat",
            "module.networking.google_compute_subnetwork.lz_private_subnet_a",
            "module.networking.google_compute_subnetwork.lz_private_subnet_b"
          ]
        }
      ]
    },
    {
      "module": "module.iam",
      "mode": "managed",
      "type": "google_project_iam_member",
      "name": "lz_admin_project_iam_admin",
      "provider": "provider[\"registry.terraform.io/hashicorp/google\"]",
      "instances": [
        {
          "schema_version": 0,
          "attributes": {
            "condition": [],
            "etag": "BwZIq93ynZE=",
            "id": "eighth-effect-484111-f5/roles/resourcemanager.projectIamAdmin/serviceAccount:lz-admin-sa@eighth-effect-484111-f5.iam.gserviceaccount.com",
            "member": "serviceAccount:lz-admin-sa@eighth-effect-484111-f5.iam.gserviceaccount.com",
            "project": "eighth-effect-484111-f5",
            "role": "roles/resourcemanager.projectIamAdmin"
          },
          "sensitive_attributes": [],
          "identity_schema_version": 0,
          "private": "bnVsbA==",
          "dependencies": [
            "module.iam.google_service_account.lz_admin_sa",
            "module.networking.google_compute_firewall.allow_all_egress",
            "module.networking.google_compute_firewall.allow_ssh_internal",
            "module.networking.google_compute_firewall.deny_all_ingress",
            "module.networking.google_compute_network.lz_hub_vpc",
            "module.networking.google_compute_router.lz_router",
            "module.networking.google_compute_router_nat.lz_nat",
            "module.networking.google_compute_subnetwork.lz_private_subnet_a",
            "module.networking.google_compute_subnetwork.lz_private_subnet_b"
          ]
        }
      ]
    },
    {
      "module": "module.iam",
      "mode": "managed",
      "type": "google_project_iam_member",
      "name": "lz_admin_service_account_user",
      "provider": "provider[\"registry.terraform.io/hashicorp/google\"]",
      "instances": [
        {
          "schema_version": 0,
          "attributes": {
            "condition": [],
            "etag": "BwZIq93ynZE=",
            "id": "eighth-effect-484111-f5/roles/iam.serviceAccountUser/serviceAccount:lz-admin-sa@eighth-effect-484111-f5.iam.gserviceaccount.com",
            "member": "serviceAccount:lz-admin-sa@eighth-effect-484111-f5.iam.gserviceaccount.com",
            "project": "eighth-effect-484111-f5",
            "role": "roles/iam.serviceAccountUser"
          },
          "sensitive_attributes": [],
          "identity_schema_version": 0,
          "private": "bnVsbA==",
          "dependencies": [
            "module.iam.google_service_account.lz_admin_sa",
            "module.networking.google_compute_firewall.allow_all_egress",
            "module.networking.google_compute_firewall.allow_ssh_internal",
            "module.networking.google_compute_firewall.deny_all_ingress",
            "module.networking.google_compute_network.lz_hub_vpc",
            "module.networking.google_compute_router.lz_router",
            "module.networking.google_compute_router_nat.lz_nat",
            "module.networking.google_compute_subnetwork.lz_private_subnet_a",
            "module.networking.google_compute_subnetwork.lz_private_subnet_b"
          ]
        }
      ]
    },
    {
      "module": "module.iam",
      "mode": "managed",
      "type": "google_project_iam_member",
      "name": "lz_monitoring_logging_admin",
      "provider": "provider[\"registry.terraform.io/hashicorp/google\"]",
      "instances": [
        {
          "schema_version": 0,
          "attributes": {
            "condition": [],
            "etag": "BwZIq93ynZE=",
            "id": "eighth-effect-484111-f5/roles/logging.admin/serviceAccount:lz-monitoring-sa@eighth-effect-484111-f5.iam.gserviceaccount.com",
            "member": "serviceAccount:lz-monitoring-sa@eighth-effect-484111-f5.iam.gserviceaccount.com",
            "project": "eighth-effect-484111-f5",
            "role": "roles/logging.admin"
          },
          "sensitive_attributes": [],
          "identity_schema_version": 0,
          "private": "bnVsbA==",
          "dependencies": [
            "module.iam.google_service_account.lz_monitoring_sa",
            "module.networking.google_compute_firewall.allow_all_egress",
            "module.networking.google_compute_firewall.allow_ssh_internal",
            "module.networking.google_compute_firewall.deny_all_ingress",
            "module.networking.google_compute_network.lz_hub_vpc",
            "module.networking.google_compute_router.lz_router",
            "module.networking.google_compute_router_nat.lz_nat",
            "module.networking.google_compute_subnetwork.lz_private_subnet_a",
            "module.networking.google_compute_subnetwork.lz_private_subnet_b"
          ]
        }
      ]
    },
    {
      "module": "module.iam",
      "mode": "managed",
      "type": "google_project_iam_member",
      "name": "lz_monitoring_monitoring_admin",
      "provider": "provider[\"registry.terraform.io/hashicorp/google\"]",
      "instances": [
        {
          "schema_version": 0,
          "attributes": {
            "condition": [],
            "etag": "BwZIq93ynZE=",
            "id": "eighth-effect-484111-f5/roles/monitoring.admin/serviceAccount:lz-monitoring-sa@eighth-effect-484111-f5.iam.gserviceaccount.com",
            "member": "serviceAccount:lz-monitoring-sa@eighth-effect-484111-f5.iam.gserviceaccount.com",
            "project": "eighth-effect-484111-f5",
            "role": "roles/monitoring.admin"
          },
          "sensitive_attributes": [],
          "identity_schema_version": 0,
          "private": "bnVsbA==",
          "dependencies": [
            "module.iam.google_service_account.lz_monitoring_sa",
            "module.networking.google_compute_firewall.allow_all_egress",
            "module.networking.google_compute_firewall.allow_ssh_internal",
            "module.networking.google_compute_firewall.deny_all_ingress",
            "module.networking.google_compute_network.lz_hub_vpc",
            "module.networking.google_compute_router.lz_router",
            "module.networking.google_compute_router_nat.lz_nat",
            "module.networking.google_compute_subnetwork.lz_private_subnet_a",
            "module.networking.google_compute_subnetwork.lz_private_subnet_b"
          ]
        }
      ]
    },
    {
      "module": "module.iam",
      "mode": "managed",
      "type": "google_service_account",
      "name": "lz_admin_sa",
      "provider": "provider[\"registry.terraform.io/hashicorp/google\"]",
      "instances": [
        {
          "schema_version": 0,
          "attributes": {
            "account_id": "lz-admin-sa",
            "description": "",
            "disabled": false,
            "display_name": "LZ Admin Service Account",
            "email": "lz-admin-sa@eighth-effect-484111-f5.iam.gserviceaccount.com",
            "id": "projects/eighth-effect-484111-f5/serviceAccounts/lz-admin-sa@eighth-effect-484111-f5.iam.gserviceaccount.com",
            "member": "serviceAccount:lz-admin-sa@eighth-effect-484111-f5.iam.gserviceaccount.com",
            "name": "projects/eighth-effect-484111-f5/serviceAccounts/lz-admin-sa@eighth-effect-484111-f5.iam.gserviceaccount.com",
            "project": "eighth-effect-484111-f5",
            "timeouts": null,
            "unique_id": "101225786073799201109"
          },
          "sensitive_attributes": [],
          "identity_schema_version": 0,
          "private": "eyJlMmJmYjczMC1lY2FhLTExZTYtOGY4OC0zNDM2M2JjN2M0YzAiOnsiY3JlYXRlIjozMDAwMDAwMDAwMDB9fQ==",
          "dependencies": [
            "module.networking.google_compute_firewall.allow_all_egress",
            "module.networking.google_compute_firewall.allow_ssh_internal",
            "module.networking.google_compute_firewall.deny_all_ingress",
            "module.networking.google_compute_network.lz_hub_vpc",
            "module.networking.google_compute_router.lz_router",
            "module.networking.google_compute_router_nat.lz_nat",
            "module.networking.google_compute_subnetwork.lz_private_subnet_a",
            "module.networking.google_compute_subnetwork.lz_private_subnet_b"
          ]
        }
      ]
    },
    {
      "module": "module.iam",
      "mode": "managed",
      "type": "google_service_account",
      "name": "lz_monitoring_sa",
      "provider": "provider[\"registry.terraform.io/hashicorp/google\"]",
      "instances": [
        {
          "schema_version": 0,
          "attributes": {
            "account_id": "lz-monitoring-sa",
            "description": "",
            "disabled": false,
            "display_name": "LZ Monitoring Service Account",
            "email": "lz-monitoring-sa@eighth-effect-484111-f5.iam.gserviceaccount.com",
            "id": "projects/eighth-effect-484111-f5/serviceAccounts/lz-monitoring-sa@eighth-effect-484111-f5.iam.gserviceaccount.com",
            "member": "serviceAccount:lz-monitoring-sa@eighth-effect-484111-f5.iam.gserviceaccount.com",
            "name": "projects/eighth-effect-484111-f5/serviceAccounts/lz-monitoring-sa@eighth-effect-484111-f5.iam.gserviceaccount.com",
            "project": "eighth-effect-484111-f5",
            "timeouts": null,
            "unique_id": "107826726862406473932"
          },
          "sensitive_attributes": [],
          "identity_schema_version": 0,
          "private": "eyJlMmJmYjczMC1lY2FhLTExZTYtOGY4OC0zNDM2M2JjN2M0YzAiOnsiY3JlYXRlIjozMDAwMDAwMDAwMDB9fQ==",
          "dependencies": [
            "module.networking.google_compute_firewall.allow_all_egress",
            "module.networking.google_compute_firewall.allow_ssh_internal",
            "module.networking.google_compute_firewall.deny_all_ingress",
            "module.networking.google_compute_network.lz_hub_vpc",
            "module.networking.google_compute_router.lz_router",
            "module.networking.google_compute_router_nat.lz_nat",
            "module.networking.google_compute_subnetwork.lz_private_subnet_a",
            "module.networking.google_compute_subnetwork.lz_private_subnet_b"
          ]
        }
      ]
    },
    {
      "module": "module.iam",
      "mode": "managed",
      "type": "google_service_account",
      "name": "lz_runtime_sa",
      "provider": "provider[\"registry.terraform.io/hashicorp/google\"]",
      "instances": [
        {
          "schema_version": 0,
          "attributes": {
            "account_id": "lz-runtime-sa",
            "description": "",
            "disabled": false,
            "display_name": "LZ Runtime Service Account",
            "email": "lz-runtime-sa@eighth-effect-484111-f5.iam.gserviceaccount.com",
            "id": "projects/eighth-effect-484111-f5/serviceAccounts/lz-runtime-sa@eighth-effect-484111-f5.iam.gserviceaccount.com",
            "member": "serviceAccount:lz-runtime-sa@eighth-effect-484111-f5.iam.gserviceaccount.com",
            "name": "projects/eighth-effect-484111-f5/serviceAccounts/lz-runtime-sa@eighth-effect-484111-f5.iam.gserviceaccount.com",
            "project": "eighth-effect-484111-f5",
            "timeouts": null,
            "unique_id": "106860542093626362451"
          },
          "sensitive_attributes": [],
          "identity_schema_version": 0,
          "private": "eyJlMmJmYjczMC1lY2FhLTExZTYtOGY4OC0zNDM2M2JjN2M0YzAiOnsiY3JlYXRlIjozMDAwMDAwMDAwMDB9fQ==",
          "dependencies": [
            "module.networking.google_compute_firewall.allow_all_egress",
            "module.networking.google_compute_firewall.allow_ssh_internal",
            "module.networking.google_compute_firewall.deny_all_ingress",
            "module.networking.google_compute_network.lz_hub_vpc",
            "module.networking.google_compute_router.lz_router",
            "module.networking.google_compute_router_nat.lz_nat",
            "module.networking.google_compute_subnetwork.lz_private_subnet_a",
            "module.networking.google_compute_subnetwork.lz_private_subnet_b"
          ]
        }
      ]
    },
    {
      "module": "module.logging_monitoring",
      "mode": "managed",
      "type": "google_monitoring_alert_policy",
      "name": "vm_high_cpu",
      "provider": "provider[\"registry.terraform.io/hashicorp/google\"]",
      "instances": [
        {
          "schema_version": 0,
          "attributes": {
            "alert_strategy": [],
            "combiner": "OR",
            "conditions": [
              {
                "condition_absent": [],
                "condition_matched_log": [],
                "condition_monitoring_query_language": [],
                "condition_threshold": [
                  {
                    "aggregations": [
                      {
                        "alignment_period": "300s",
                        "cross_series_reducer": "",
                        "group_by_fields": null,
                        "per_series_aligner": "ALIGN_MEAN"
                      }
                    ],
                    "comparison": "COMPARISON_GT",
                    "denominator_aggregations": [],
                    "denominator_filter": "",
                    "duration": "300s",
                    "evaluation_missing_data": "",
                    "filter": "resource.type=\"gce_instance\" AND metric.type=\"compute.googleapis.com/instance/cpu/utilization\"",
                    "forecast_options": [],
                    "threshold_value": 0.8,
                    "trigger": []
                  }
                ],
                "display_name": "High CPU usage",
                "name": "projects/eighth-effect-484111-f5/alertPolicies/2406172471499001707/conditions/2406172471499000650"
              }
            ],
            "creation_record": [
              {
                "mutate_time": "2026-01-18T16:14:33.459666046Z",
                "mutated_by": "shaikhuzefa1995@gmail.com"
              }
            ],
            "display_name": "VM CPU \u003e 80% for 5 minutes",
            "documentation": [],
            "enabled": true,
            "id": "projects/eighth-effect-484111-f5/alertPolicies/2406172471499001707",
            "name": "projects/eighth-effect-484111-f5/alertPolicies/2406172471499001707",
            "notification_channels": [
              "projects/eighth-effect-484111-f5/notificationChannels/2976017610605885239"
            ],
            "project": "eighth-effect-484111-f5",
            "timeouts": null,
            "user_labels": null
          },
          "sensitive_attributes": [],
          "identity_schema_version": 0,
          "private": "eyJlMmJmYjczMC1lY2FhLTExZTYtOGY4OC0zNDM2M2JjN2M0YzAiOnsiY3JlYXRlIjoxMjAwMDAwMDAwMDAwLCJkZWxldGUiOjEyMDAwMDAwMDAwMDAsInVwZGF0ZSI6MTIwMDAwMDAwMDAwMH19",
          "dependencies": [
            "module.iam.google_compute_project_metadata.os_login",
            "module.iam.google_project_iam_member.lz_admin_compute_admin",
            "module.iam.google_project_iam_member.lz_admin_project_iam_admin",
            "module.iam.google_project_iam_member.lz_admin_service_account_user",
            "module.iam.google_project_iam_member.lz_monitoring_logging_admin",
            "module.iam.google_project_iam_member.lz_monitoring_monitoring_admin",
            "module.iam.google_service_account.lz_admin_sa",
            "module.iam.google_service_account.lz_monitoring_sa",
            "module.iam.google_service_account.lz_runtime_sa",
            "module.logging_monitoring.google_monitoring_notification_channel.lz_email_channel",
            "module.networking.google_compute_firewall.allow_all_egress",
            "module.networking.google_compute_firewall.allow_ssh_internal",
            "module.networking.google_compute_firewall.deny_all_ingress",
            "module.networking.google_compute_network.lz_hub_vpc",
            "module.networking.google_compute_router.lz_router",
            "module.networking.google_compute_router_nat.lz_nat",
            "module.networking.google_compute_subnetwork.lz_private_subnet_a",
            "module.networking.google_compute_subnetwork.lz_private_subnet_b"
          ]
        }
      ]
    },
    {
      "module": "module.logging_monitoring",
      "mode": "managed",
      "type": "google_monitoring_notification_channel",
      "name": "lz_email_channel",
      "provider": "provider[\"registry.terraform.io/hashicorp/google\"]",
      "instances": [
        {
          "schema_version": 0,
          "attributes": {
            "description": "",
            "display_name": "LZ Alert Notifications",
            "enabled": true,
            "force_delete": false,
            "id": "projects/eighth-effect-484111-f5/notificationChannels/2976017610605885239",
            "labels": {
              "email_address": "shaikhuzefa1995@gmail.com"
            },
            "name": "projects/eighth-effect-484111-f5/notificationChannels/2976017610605885239",
            "project": "eighth-effect-484111-f5",
            "sensitive_labels": [],
            "timeouts": null,
            "type": "email",
            "user_labels": null,
            "verification_status": ""
          },
          "sensitive_attributes": [],
          "identity_schema_version": 0,
          "private": "eyJlMmJmYjczMC1lY2FhLTExZTYtOGY4OC0zNDM2M2JjN2M0YzAiOnsiY3JlYXRlIjoxMjAwMDAwMDAwMDAwLCJkZWxldGUiOjEyMDAwMDAwMDAwMDAsInVwZGF0ZSI6MTIwMDAwMDAwMDAwMH19",
          "dependencies": [
            "module.iam.google_compute_project_metadata.os_login",
            "module.iam.google_project_iam_member.lz_admin_compute_admin",
            "module.iam.google_project_iam_member.lz_admin_project_iam_admin",
            "module.iam.google_project_iam_member.lz_admin_service_account_user",
            "module.iam.google_project_iam_member.lz_monitoring_logging_admin",
            "module.iam.google_project_iam_member.lz_monitoring_monitoring_admin",
            "module.iam.google_service_account.lz_admin_sa",
            "module.iam.google_service_account.lz_monitoring_sa",
            "module.iam.google_service_account.lz_runtime_sa",
            "module.networking.google_compute_firewall.allow_all_egress",
            "module.networking.google_compute_firewall.allow_ssh_internal",
            "module.networking.google_compute_firewall.deny_all_ingress",
            "module.networking.google_compute_network.lz_hub_vpc",
            "module.networking.google_compute_router.lz_router",
            "module.networking.google_compute_router_nat.lz_nat",
            "module.networking.google_compute_subnetwork.lz_private_subnet_a",
            "module.networking.google_compute_subnetwork.lz_private_subnet_b"
          ]
        }
      ]
    },
    {
      "module": "module.logging_monitoring",
      "mode": "managed",
      "type": "google_project_service",
      "name": "required_apis",
      "provider": "provider[\"registry.terraform.io/hashicorp/google\"]",
      "instances": [
        {
          "index_key": "cloudresourcemanager.googleapis.com",
          "schema_version": 0,
          "attributes": {
            "disable_dependent_services": false,
            "disable_on_destroy": true,
            "id": "eighth-effect-484111-f5/cloudresourcemanager.googleapis.com",
            "project": "eighth-effect-484111-f5",
            "service": "cloudresourcemanager.googleapis.com",
            "timeouts": null
          },
          "sensitive_attributes": [],
          "identity_schema_version": 0,
          "private": "eyJlMmJmYjczMC1lY2FhLTExZTYtOGY4OC0zNDM2M2JjN2M0YzAiOnsiY3JlYXRlIjoxMjAwMDAwMDAwMDAwLCJkZWxldGUiOjEyMDAwMDAwMDAwMDAsInJlYWQiOjYwMDAwMDAwMDAwMCwidXBkYXRlIjoxMjAwMDAwMDAwMDAwfX0=",
          "dependencies": [
            "module.iam.google_compute_project_metadata.os_login",
            "module.iam.google_project_iam_member.lz_admin_compute_admin",
            "module.iam.google_project_iam_member.lz_admin_project_iam_admin",
            "module.iam.google_project_iam_member.lz_admin_service_account_user",
            "module.iam.google_project_iam_member.lz_monitoring_logging_admin",
            "module.iam.google_project_iam_member.lz_monitoring_monitoring_admin",
            "module.iam.google_service_account.lz_admin_sa",
            "module.iam.google_service_account.lz_monitoring_sa",
            "module.iam.google_service_account.lz_runtime_sa",
            "module.networking.google_compute_firewall.allow_all_egress",
            "module.networking.google_compute_firewall.allow_ssh_internal",
            "module.networking.google_compute_firewall.deny_all_ingress",
            "module.networking.google_compute_network.lz_hub_vpc",
            "module.networking.google_compute_router.lz_router",
            "module.networking.google_compute_router_nat.lz_nat",
            "module.networking.google_compute_subnetwork.lz_private_subnet_a",
            "module.networking.google_compute_subnetwork.lz_private_subnet_b"
          ]
        },
        {
          "index_key": "compute.googleapis.com",
          "schema_version": 0,
          "attributes": {
            "disable_dependent_services": false,
            "disable_on_destroy": true,
            "id": "eighth-effect-484111-f5/compute.googleapis.com",
            "project": "eighth-effect-484111-f5",
            "service": "compute.googleapis.com",
            "timeouts": null
          },
          "sensitive_attributes": [],
          "identity_schema_version": 0,
          "private": "eyJlMmJmYjczMC1lY2FhLTExZTYtOGY4OC0zNDM2M2JjN2M0YzAiOnsiY3JlYXRlIjoxMjAwMDAwMDAwMDAwLCJkZWxldGUiOjEyMDAwMDAwMDAwMDAsInJlYWQiOjYwMDAwMDAwMDAwMCwidXBkYXRlIjoxMjAwMDAwMDAwMDAwfX0=",
          "dependencies": [
            "module.iam.google_compute_project_metadata.os_login",
            "module.iam.google_project_iam_member.lz_admin_compute_admin",
            "module.iam.google_project_iam_member.lz_admin_project_iam_admin",
            "module.iam.google_project_iam_member.lz_admin_service_account_user",
            "module.iam.google_project_iam_member.lz_monitoring_logging_admin",
            "module.iam.google_project_iam_member.lz_monitoring_monitoring_admin",
            "module.iam.google_service_account.lz_admin_sa",
            "module.iam.google_service_account.lz_monitoring_sa",
            "module.iam.google_service_account.lz_runtime_sa",
            "module.networking.google_compute_firewall.allow_all_egress",
            "module.networking.google_compute_firewall.allow_ssh_internal",
            "module.networking.google_compute_firewall.deny_all_ingress",
            "module.networking.google_compute_network.lz_hub_vpc",
            "module.networking.google_compute_router.lz_router",
            "module.networking.google_compute_router_nat.lz_nat",
            "module.networking.google_compute_subnetwork.lz_private_subnet_a",
            "module.networking.google_compute_subnetwork.lz_private_subnet_b"
          ]
        },
        {
          "index_key": "logging.googleapis.com",
          "schema_version": 0,
          "attributes": {
            "disable_dependent_services": false,
            "disable_on_destroy": true,
            "id": "eighth-effect-484111-f5/logging.googleapis.com",
            "project": "eighth-effect-484111-f5",
            "service": "logging.googleapis.com",
            "timeouts": null
          },
          "sensitive_attributes": [],
          "identity_schema_version": 0,
          "private": "eyJlMmJmYjczMC1lY2FhLTExZTYtOGY4OC0zNDM2M2JjN2M0YzAiOnsiY3JlYXRlIjoxMjAwMDAwMDAwMDAwLCJkZWxldGUiOjEyMDAwMDAwMDAwMDAsInJlYWQiOjYwMDAwMDAwMDAwMCwidXBkYXRlIjoxMjAwMDAwMDAwMDAwfX0=",
          "dependencies": [
            "module.iam.google_compute_project_metadata.os_login",
            "module.iam.google_project_iam_member.lz_admin_compute_admin",
            "module.iam.google_project_iam_member.lz_admin_project_iam_admin",
            "module.iam.google_project_iam_member.lz_admin_service_account_user",
            "module.iam.google_project_iam_member.lz_monitoring_logging_admin",
            "module.iam.google_project_iam_member.lz_monitoring_monitoring_admin",
            "module.iam.google_service_account.lz_admin_sa",
            "module.iam.google_service_account.lz_monitoring_sa",
            "module.iam.google_service_account.lz_runtime_sa",
            "module.networking.google_compute_firewall.allow_all_egress",
            "module.networking.google_compute_firewall.allow_ssh_internal",
            "module.networking.google_compute_firewall.deny_all_ingress",
            "module.networking.google_compute_network.lz_hub_vpc",
            "module.networking.google_compute_router.lz_router",
            "module.networking.google_compute_router_nat.lz_nat",
            "module.networking.google_compute_subnetwork.lz_private_subnet_a",
            "module.networking.google_compute_subnetwork.lz_private_subnet_b"
          ]
        },
        {
          "index_key": "monitoring.googleapis.com",
          "schema_version": 0,
          "attributes": {
            "disable_dependent_services": false,
            "disable_on_destroy": true,
            "id": "eighth-effect-484111-f5/monitoring.googleapis.com",
            "project": "eighth-effect-484111-f5",
            "service": "monitoring.googleapis.com",
            "timeouts": null
          },
          "sensitive_attributes": [],
          "identity_schema_version": 0,
          "private": "eyJlMmJmYjczMC1lY2FhLTExZTYtOGY4OC0zNDM2M2JjN2M0YzAiOnsiY3JlYXRlIjoxMjAwMDAwMDAwMDAwLCJkZWxldGUiOjEyMDAwMDAwMDAwMDAsInJlYWQiOjYwMDAwMDAwMDAwMCwidXBkYXRlIjoxMjAwMDAwMDAwMDAwfX0=",
          "dependencies": [
            "module.iam.google_compute_project_metadata.os_login",
            "module.iam.google_project_iam_member.lz_admin_compute_admin",
            "module.iam.google_project_iam_member.lz_admin_project_iam_admin",
            "module.iam.google_project_iam_member.lz_admin_service_account_user",
            "module.iam.google_project_iam_member.lz_monitoring_logging_admin",
            "module.iam.google_project_iam_member.lz_monitoring_monitoring_admin",
            "module.iam.google_service_account.lz_admin_sa",
            "module.iam.google_service_account.lz_monitoring_sa",
            "module.iam.google_service_account.lz_runtime_sa",
            "module.networking.google_compute_firewall.allow_all_egress",
            "module.networking.google_compute_firewall.allow_ssh_internal",
            "module.networking.google_compute_firewall.deny_all_ingress",
            "module.networking.google_compute_network.lz_hub_vpc",
            "module.networking.google_compute_router.lz_router",
            "module.networking.google_compute_router_nat.lz_nat",
            "module.networking.google_compute_subnetwork.lz_private_subnet_a",
            "module.networking.google_compute_subnetwork.lz_private_subnet_b"
          ]
        },
        {
          "index_key": "storage.googleapis.com",
          "schema_version": 0,
          "attributes": {
            "disable_dependent_services": false,
            "disable_on_destroy": true,
            "id": "eighth-effect-484111-f5/storage.googleapis.com",
            "project": "eighth-effect-484111-f5",
            "service": "storage.googleapis.com",
            "timeouts": null
          },
          "sensitive_attributes": [],
          "identity_schema_version": 0,
          "private": "eyJlMmJmYjczMC1lY2FhLTExZTYtOGY4OC0zNDM2M2JjN2M0YzAiOnsiY3JlYXRlIjoxMjAwMDAwMDAwMDAwLCJkZWxldGUiOjEyMDAwMDAwMDAwMDAsInJlYWQiOjYwMDAwMDAwMDAwMCwidXBkYXRlIjoxMjAwMDAwMDAwMDAwfX0=",
          "dependencies": [
            "module.iam.google_compute_project_metadata.os_login",
            "module.iam.google_project_iam_member.lz_admin_compute_admin",
            "module.iam.google_project_iam_member.lz_admin_project_iam_admin",
            "module.iam.google_project_iam_member.lz_admin_service_account_user",
            "module.iam.google_project_iam_member.lz_monitoring_logging_admin",
            "module.iam.google_project_iam_member.lz_monitoring_monitoring_admin",
            "module.iam.google_service_account.lz_admin_sa",
            "module.iam.google_service_account.lz_monitoring_sa",
            "module.iam.google_service_account.lz_runtime_sa",
            "module.networking.google_compute_firewall.allow_all_egress",
            "module.networking.google_compute_firewall.allow_ssh_internal",
            "module.networking.google_compute_firewall.deny_all_ingress",
            "module.networking.google_compute_network.lz_hub_vpc",
            "module.networking.google_compute_router.lz_router",
            "module.networking.google_compute_router_nat.lz_nat",
            "module.networking.google_compute_subnetwork.lz_private_subnet_a",
            "module.networking.google_compute_subnetwork.lz_private_subnet_b"
          ]
        }
      ]
    },
    {
      "module": "module.logging_monitoring",
      "mode": "managed",
      "type": "google_storage_bucket",
      "name": "lz_logs_bucket",
      "provider": "provider[\"registry.terraform.io/hashicorp/google\"]",
      "instances": [
        {
          "schema_version": 0,
          "attributes": {
            "autoclass": [],
            "cors": [],
            "custom_placement_config": [],
            "default_event_based_hold": false,
            "encryption": [],
            "force_destroy": true,
            "id": "eighth-effect-484111-f5-lz-logs",
            "labels": {},
            "lifecycle_rule": [],
            "location": "ASIA-SOUTH1",
            "logging": [],
            "name": "eighth-effect-484111-f5-lz-logs",
            "project": "eighth-effect-484111-f5",
            "public_access_prevention": "enforced",
            "requester_pays": false,
            "retention_policy": [],
            "self_link": "https://www.googleapis.com/storage/v1/b/eighth-effect-484111-f5-lz-logs",
            "storage_class": "STANDARD",
            "timeouts": null,
            "uniform_bucket_level_access": true,
            "url": "gs://eighth-effect-484111-f5-lz-logs",
            "versioning": [],
            "website": []
          },
          "sensitive_attributes": [],
          "identity_schema_version": 0,
          "private": "eyJlMmJmYjczMC1lY2FhLTExZTYtOGY4OC0zNDM2M2JjN2M0YzAiOnsiY3JlYXRlIjo2MDAwMDAwMDAwMDAsInJlYWQiOjI0MDAwMDAwMDAwMCwidXBkYXRlIjoyNDAwMDAwMDAwMDB9fQ==",
          "dependencies": [
            "module.iam.google_compute_project_metadata.os_login",
            "module.iam.google_project_iam_member.lz_admin_compute_admin",
            "module.iam.google_project_iam_member.lz_admin_project_iam_admin",
            "module.iam.google_project_iam_member.lz_admin_service_account_user",
            "module.iam.google_project_iam_member.lz_monitoring_logging_admin",
            "module.iam.google_project_iam_member.lz_monitoring_monitoring_admin",
            "module.iam.google_service_account.lz_admin_sa",
            "module.iam.google_service_account.lz_monitoring_sa",
            "module.iam.google_service_account.lz_runtime_sa",
            "module.networking.google_compute_firewall.allow_all_egress",
            "module.networking.google_compute_firewall.allow_ssh_internal",
            "module.networking.google_compute_firewall.deny_all_ingress",
            "module.networking.google_compute_network.lz_hub_vpc",
            "module.networking.google_compute_router.lz_router",
            "module.networking.google_compute_router_nat.lz_nat",
            "module.networking.google_compute_subnetwork.lz_private_subnet_a",
            "module.networking.google_compute_subnetwork.lz_private_subnet_b"
          ]
        }
      ]
    },
    {
      "module": "module.networking",
      "mode": "managed",
      "type": "google_compute_firewall",
      "name": "allow_all_egress",
      "provider": "provider[\"registry.terraform.io/hashicorp/google\"]",
      "instances": [
        {
          "schema_version": 1,
          "attributes": {
            "allow": [
              {
                "ports": [],
                "protocol": "all"
              }
            ],
            "creation_timestamp": "2026-01-18T08:13:22.795-08:00",
            "deny": [],
            "description": "",
            "destination_ranges": [
              "0.0.0.0/0"
            ],
            "direction": "EGRESS",
            "disabled": false,
            "enable_logging": null,
            "id": "projects/eighth-effect-484111-f5/global/firewalls/lz-allow-all-egress",
            "log_config": [],
            "name": "lz-allow-all-egress",
            "network": "https://www.googleapis.com/compute/v1/projects/eighth-effect-484111-f5/global/networks/lz-hub-vpc",
            "priority": 1000,
            "project": "eighth-effect-484111-f5",
            "self_link": "https://www.googleapis.com/compute/v1/projects/eighth-effect-484111-f5/global/firewalls/lz-allow-all-egress",
            "source_ranges": null,
            "source_service_accounts": null,
            "source_tags": null,
            "target_service_accounts": null,
            "target_tags": null,
            "timeouts": null
          },
          "sensitive_attributes": [],
          "identity_schema_version": 0,
          "private": "eyJlMmJmYjczMC1lY2FhLTExZTYtOGY4OC0zNDM2M2JjN2M0YzAiOnsiY3JlYXRlIjoxMjAwMDAwMDAwMDAwLCJkZWxldGUiOjEyMDAwMDAwMDAwMDAsInVwZGF0ZSI6MTIwMDAwMDAwMDAwMH0sInNjaGVtYV92ZXJzaW9uIjoiMSJ9",
          "dependencies": [
            "module.networking.google_compute_network.lz_hub_vpc"
          ]
        }
      ]
    },
    {
      "module": "module.networking",
      "mode": "managed",
      "type": "google_compute_firewall",
      "name": "allow_ssh_internal",
      "provider": "provider[\"registry.terraform.io/hashicorp/google\"]",
      "instances": [
        {
          "schema_version": 1,
          "attributes": {
            "allow": [
              {
                "ports": [
                  "22"
                ],
                "protocol": "tcp"
              }
            ],
            "creation_timestamp": "2026-01-18T08:13:22.905-08:00",
            "deny": [],
            "description": "",
            "destination_ranges": [],
            "direction": "INGRESS",
            "disabled": false,
            "enable_logging": null,
            "id": "projects/eighth-effect-484111-f5/global/firewalls/lz-allow-ssh-internal",
            "log_config": [
              {
                "metadata": "INCLUDE_ALL_METADATA"
              }
            ],
            "name": "lz-allow-ssh-internal",
            "network": "https://www.googleapis.com/compute/v1/projects/eighth-effect-484111-f5/global/networks/lz-hub-vpc",
            "priority": 1000,
            "project": "eighth-effect-484111-f5",
            "self_link": "https://www.googleapis.com/compute/v1/projects/eighth-effect-484111-f5/global/firewalls/lz-allow-ssh-internal",
            "source_ranges": [
              "10.10.0.0/16"
            ],
            "source_service_accounts": null,
            "source_tags": null,
            "target_service_accounts": null,
            "target_tags": null,
            "timeouts": null
          },
          "sensitive_attributes": [],
          "identity_schema_version": 0,
          "private": "eyJlMmJmYjczMC1lY2FhLTExZTYtOGY4OC0zNDM2M2JjN2M0YzAiOnsiY3JlYXRlIjoxMjAwMDAwMDAwMDAwLCJkZWxldGUiOjEyMDAwMDAwMDAwMDAsInVwZGF0ZSI6MTIwMDAwMDAwMDAwMH0sInNjaGVtYV92ZXJzaW9uIjoiMSJ9",
          "dependencies": [
            "module.networking.google_compute_network.lz_hub_vpc"
          ]
        }
      ]
    },
    {
      "module": "module.networking",
      "mode": "managed",
      "type": "google_compute_firewall",
      "name": "deny_all_ingress",
      "provider": "provider[\"registry.terraform.io/hashicorp/google\"]",
      "instances": [
        {
          "schema_version": 1,
          "attributes": {
            "allow": [],
            "creation_timestamp": "2026-01-18T08:13:22.966-08:00",
            "deny": [
              {
                "ports": [],
                "protocol": "all"
              }
            ],
            "description": "",
            "destination_ranges": [],
            "direction": "INGRESS",
            "disabled": false,
            "enable_logging": null,
            "id": "projects/eighth-effect-484111-f5/global/firewalls/lz-deny-all-ingress",
            "log_config": [
              {
                "metadata": "INCLUDE_ALL_METADATA"
              }
            ],
            "name": "lz-deny-all-ingress",
            "network": "https://www.googleapis.com/compute/v1/projects/eighth-effect-484111-f5/global/networks/lz-hub-vpc",
            "priority": 65535,
            "project": "eighth-effect-484111-f5",
            "self_link": "https://www.googleapis.com/compute/v1/projects/eighth-effect-484111-f5/global/firewalls/lz-deny-all-ingress",
            "source_ranges": [
              "0.0.0.0/0"
            ],
            "source_service_accounts": null,
            "source_tags": null,
            "target_service_accounts": null,
            "target_tags": null,
            "timeouts": null
          },
          "sensitive_attributes": [],
          "identity_schema_version": 0,
          "private": "eyJlMmJmYjczMC1lY2FhLTExZTYtOGY4OC0zNDM2M2JjN2M0YzAiOnsiY3JlYXRlIjoxMjAwMDAwMDAwMDAwLCJkZWxldGUiOjEyMDAwMDAwMDAwMDAsInVwZGF0ZSI6MTIwMDAwMDAwMDAwMH0sInNjaGVtYV92ZXJzaW9uIjoiMSJ9",
          "dependencies": [
            "module.networking.google_compute_network.lz_hub_vpc"
          ]
        }
      ]
    },
    {
      "module": "module.networking",
      "mode": "managed",
      "type": "google_compute_network",
      "name": "lz_hub_vpc",
      "provider": "provider[\"registry.terraform.io/hashicorp/google\"]",
      "instances": [
        {
          "schema_version": 0,
          "attributes": {
            "auto_create_subnetworks": false,
            "delete_default_routes_on_create": false,
            "description": "",
            "enable_ula_internal_ipv6": false,
            "gateway_ipv4": "",
            "id": "projects/eighth-effect-484111-f5/global/networks/lz-hub-vpc",
            "internal_ipv6_range": "",
            "mtu": 0,
            "name": "lz-hub-vpc",
            "network_firewall_policy_enforcement_order": "AFTER_CLASSIC_FIREWALL",
            "project": "eighth-effect-484111-f5",
            "routing_mode": "REGIONAL",
            "self_link": "https://www.googleapis.com/compute/v1/projects/eighth-effect-484111-f5/global/networks/lz-hub-vpc",
            "timeouts": null
          },
          "sensitive_attributes": [],
          "identity_schema_version": 0,
          "private": "eyJlMmJmYjczMC1lY2FhLTExZTYtOGY4OC0zNDM2M2JjN2M0YzAiOnsiY3JlYXRlIjoxMjAwMDAwMDAwMDAwLCJkZWxldGUiOjEyMDAwMDAwMDAwMDAsInVwZGF0ZSI6MTIwMDAwMDAwMDAwMH19"
        }
      ]
    },
    {
      "module": "module.networking",
      "mode": "managed",
      "type": "google_compute_router",
      "name": "lz_router",
      "provider": "provider[\"registry.terraform.io/hashicorp/google\"]",
      "instances": [
        {
          "schema_version": 0,
          "attributes": {
            "bgp": [],
            "creation_timestamp": "2026-01-18T08:13:26.996-08:00",
            "description": "",
            "encrypted_interconnect_router": false,
            "id": "projects/eighth-effect-484111-f5/regions/asia-south1/routers/lz-hub-router",
            "name": "lz-hub-router",
            "network": "https://www.googleapis.com/compute/v1/projects/eighth-effect-484111-f5/global/networks/lz-hub-vpc",
            "project": "eighth-effect-484111-f5",
            "region": "asia-south1",
            "self_link": "https://www.googleapis.com/compute/v1/projects/eighth-effect-484111-f5/regions/asia-south1/routers/lz-hub-router",
            "timeouts": null
          },
          "sensitive_attributes": [],
          "identity_schema_version": 0,
          "private": "eyJlMmJmYjczMC1lY2FhLTExZTYtOGY4OC0zNDM2M2JjN2M0YzAiOnsiY3JlYXRlIjoxMjAwMDAwMDAwMDAwLCJkZWxldGUiOjEyMDAwMDAwMDAwMDAsInVwZGF0ZSI6MTIwMDAwMDAwMDAwMH19",
          "dependencies": [
            "module.networking.google_compute_network.lz_hub_vpc"
          ]
        }
      ]
    },
    {
      "module": "module.networking",
      "mode": "managed",
      "type": "google_compute_router_nat",
      "name": "lz_nat",
      "provider": "provider[\"registry.terraform.io/hashicorp/google\"]",
      "instances": [
        {
          "schema_version": 0,
          "attributes": {
            "drain_nat_ips": null,
            "enable_dynamic_port_allocation": false,
            "enable_endpoint_independent_mapping": true,
            "icmp_idle_timeout_sec": 30,
            "id": "eighth-effect-484111-f5/asia-south1/lz-hub-router/lz-hub-nat",
            "log_config": [],
            "max_ports_per_vm": 0,
            "min_ports_per_vm": 0,
            "name": "lz-hub-nat",
            "nat_ip_allocate_option": "AUTO_ONLY",
            "nat_ips": null,
            "project": "eighth-effect-484111-f5",
            "region": "asia-south1",
            "router": "lz-hub-router",
            "rules": [],
            "source_subnetwork_ip_ranges_to_nat": "LIST_OF_SUBNETWORKS",
            "subnetwork": [
              {
                "name": "https://www.googleapis.com/compute/v1/projects/eighth-effect-484111-f5/regions/asia-south1/subnetworks/lz-private-subnet-a",
                "secondary_ip_range_names": [],
                "source_ip_ranges_to_nat": [
                  "ALL_IP_RANGES"
                ]
              },
              {
                "name": "https://www.googleapis.com/compute/v1/projects/eighth-effect-484111-f5/regions/asia-south1/subnetworks/lz-private-subnet-b",
                "secondary_ip_range_names": [],
                "source_ip_ranges_to_nat": [
                  "ALL_IP_RANGES"
                ]
              }
            ],
            "tcp_established_idle_timeout_sec": 1200,
            "tcp_time_wait_timeout_sec": 120,
            "tcp_transitory_idle_timeout_sec": 30,
            "timeouts": null,
            "udp_idle_timeout_sec": 30
          },
          "sensitive_attributes": [],
          "identity_schema_version": 0,
          "private": "eyJlMmJmYjczMC1lY2FhLTExZTYtOGY4OC0zNDM2M2JjN2M0YzAiOnsiY3JlYXRlIjoxMjAwMDAwMDAwMDAwLCJkZWxldGUiOjEyMDAwMDAwMDAwMDAsInVwZGF0ZSI6MTIwMDAwMDAwMDAwMH19",
          "dependencies": [
            "module.networking.google_compute_network.lz_hub_vpc",
            "module.networking.google_compute_router.lz_router",
            "module.networking.google_compute_subnetwork.lz_private_subnet_a",
            "module.networking.google_compute_subnetwork.lz_private_subnet_b"
          ]
        }
      ]
    },
    {
      "module": "module.networking",
      "mode": "managed",
      "type": "google_compute_subnetwork",
      "name": "lz_private_subnet_a",
      "provider": "provider[\"registry.terraform.io/hashicorp/google\"]",
      "instances": [
        {
          "schema_version": 0,
          "attributes": {
            "creation_timestamp": "2026-01-18T08:13:25.319-08:00",
            "description": "",
            "external_ipv6_prefix": "",
            "fingerprint": null,
            "gateway_address": "10.10.1.1",
            "id": "projects/eighth-effect-484111-f5/regions/asia-south1/subnetworks/lz-private-subnet-a",
            "ip_cidr_range": "10.10.1.0/24",
            "ipv6_access_type": "",
            "ipv6_cidr_range": "",
            "log_config": [
              {
                "aggregation_interval": "INTERVAL_5_MIN",
                "filter_expr": "true",
                "flow_sampling": 0.5,
                "metadata": "INCLUDE_ALL_METADATA",
                "metadata_fields": null
              }
            ],
            "name": "lz-private-subnet-a",
            "network": "https://www.googleapis.com/compute/v1/projects/eighth-effect-484111-f5/global/networks/lz-hub-vpc",
            "private_ip_google_access": true,
            "private_ipv6_google_access": "DISABLE_GOOGLE_ACCESS",
            "project": "eighth-effect-484111-f5",
            "purpose": "PRIVATE",
            "region": "asia-south1",
            "role": "",
            "secondary_ip_range": [],
            "self_link": "https://www.googleapis.com/compute/v1/projects/eighth-effect-484111-f5/regions/asia-south1/subnetworks/lz-private-subnet-a",
            "stack_type": "IPV4_ONLY",
            "timeouts": null
          },
          "sensitive_attributes": [],
          "identity_schema_version": 0,
          "private": "eyJlMmJmYjczMC1lY2FhLTExZTYtOGY4OC0zNDM2M2JjN2M0YzAiOnsiY3JlYXRlIjoxMjAwMDAwMDAwMDAwLCJkZWxldGUiOjEyMDAwMDAwMDAwMDAsInVwZGF0ZSI6MTIwMDAwMDAwMDAwMH19",
          "dependencies": [
            "module.networking.google_compute_network.lz_hub_vpc"
          ]
        }
      ]
    },
    {
      "module": "module.networking",
      "mode": "managed",
      "type": "google_compute_subnetwork",
      "name": "lz_private_subnet_b",
      "provider": "provider[\"registry.terraform.io/hashicorp/google\"]",
      "instances": [
        {
          "schema_version": 0,
          "attributes": {
            "creation_timestamp": "2026-01-18T08:13:25.284-08:00",
            "description": "",
            "external_ipv6_prefix": "",
            "fingerprint": null,
            "gateway_address": "10.10.2.1",
            "id": "projects/eighth-effect-484111-f5/regions/asia-south1/subnetworks/lz-private-subnet-b",
            "ip_cidr_range": "10.10.2.0/24",
            "ipv6_access_type": "",
            "ipv6_cidr_range": "",
            "log_config": [
              {
                "aggregation_interval": "INTERVAL_5_MIN",
                "filter_expr": "true",
                "flow_sampling": 0.5,
                "metadata": "INCLUDE_ALL_METADATA",
                "metadata_fields": null
              }
            ],
            "name": "lz-private-subnet-b",
            "network": "https://www.googleapis.com/compute/v1/projects/eighth-effect-484111-f5/global/networks/lz-hub-vpc",
            "private_ip_google_access": true,
            "private_ipv6_google_access": "DISABLE_GOOGLE_ACCESS",
            "project": "eighth-effect-484111-f5",
            "purpose": "PRIVATE",
            "region": "asia-south1",
            "role": "",
            "secondary_ip_range": [],
            "self_link": "https://www.googleapis.com/compute/v1/projects/eighth-effect-484111-f5/regions/asia-south1/subnetworks/lz-private-subnet-b",
            "stack_type": "IPV4_ONLY",
            "timeouts": null
          },
          "sensitive_attributes": [],
          "identity_schema_version": 0,
          "private": "eyJlMmJmYjczMC1lY2FhLTExZTYtOGY4OC0zNDM2M2JjN2M0YzAiOnsiY3JlYXRlIjoxMjAwMDAwMDAwMDAwLCJkZWxldGUiOjEyMDAwMDAwMDAwMDAsInVwZGF0ZSI6MTIwMDAwMDAwMDAwMH19",
          "dependencies": [
            "module.networking.google_compute_network.lz_hub_vpc"
          ]
        }
      ]
    }
  ],
  "check_results": null
}
